{
  "originHash" : "268f580a7f9bee341bfcd18e023dd1ad1eee3a89c096ff0c9a977c9d542d2584",
  "pins" : [
    {
      "identity" : "appauth-ios",
      "kind" : "remoteSourceControl",
      "location" : "https://github.com/openid/AppAuth-iOS",
      "state" : {
        "revision" : "145104f5ea9d58ae21b60add007c33c1cc0c948e",
        "version" : "2.0.0"
      }
    }
  ],
  "version" : 3
}
